// !$*UTF8*$!
{
	archiveVersion = 1;
	classes = {
	};
	objectVersion = 50;
	objects = {

/* Begin PBXBuildFile section */
		8B5839A45FDEAD520CA981F0 /* Pods_BPA.framework in Frameworks */ = {isa = PBXBuildFile; fileRef = 3A36C5B0A64CE193845C99B0 /* Pods_BPA.framework */; };
		8BE2E8C1218CF63B004A6F67 /* CreateProfileViewController.swift in Sources */ = {isa = PBXBuildFile; fileRef = 8BE2E8C0218CF63B004A6F67 /* CreateProfileViewController.swift */; };
		8BE445ED218CE1FA003142E1 /* AppDelegate.swift in Sources */ = {isa = PBXBuildFile; fileRef = 8BE445EC218CE1FA003142E1 /* AppDelegate.swift */; };
		8BE445EF218CE1FA003142E1 /* LoginInViewController.swift in Sources */ = {isa = PBXBuildFile; fileRef = 8BE445EE218CE1FA003142E1 /* LoginInViewController.swift */; };
		8BE445F2218CE1FA003142E1 /* Main.storyboard in Resources */ = {isa = PBXBuildFile; fileRef = 8BE445F0218CE1FA003142E1 /* Main.storyboard */; };
		8BE445F5218CE1FA003142E1 /* BPA.xcdatamodeld in Sources */ = {isa = PBXBuildFile; fileRef = 8BE445F3218CE1FA003142E1 /* BPA.xcdatamodeld */; };
		8BE445F7218CE1FB003142E1 /* Assets.xcassets in Resources */ = {isa = PBXBuildFile; fileRef = 8BE445F6218CE1FB003142E1 /* Assets.xcassets */; };
		8BE445FA218CE1FB003142E1 /* LaunchScreen.storyboard in Resources */ = {isa = PBXBuildFile; fileRef = 8BE445F8218CE1FB003142E1 /* LaunchScreen.storyboard */; };
		8BE44602218CE261003142E1 /* GoogleService-Info.plist in Resources */ = {isa = PBXBuildFile; fileRef = 8BE44601218CE261003142E1 /* GoogleService-Info.plist */; };
/* End PBXBuildFile section */

/* Begin PBXFileReference section */
		31D94E920B565C4408551E6B /* Pods-BPA.release.xcconfig */ = {isa = PBXFileReference; includeInIndex = 1; lastKnownFileType = text.xcconfig; name = "Pods-BPA.release.xcconfig"; path = "Pods/Target Support Files/Pods-BPA/Pods-BPA.release.xcconfig"; sourceTree = "<group>"; };
		3A36C5B0A64CE193845C99B0 /* Pods_BPA.framework */ = {isa = PBXFileReference; explicitFileType = wrapper.framework; includeInIndex = 0; path = Pods_BPA.framework; sourceTree = BUILT_PRODUCTS_DIR; };
		8BE2E8C0218CF63B004A6F67 /* CreateProfileViewController.swift */ = {isa = PBXFileReference; lastKnownFileType = sourcecode.swift; path = CreateProfileViewController.swift; sourceTree = "<group>"; };
		8BE445E9218CE1FA003142E1 /* BPA.app */ = {isa = PBXFileReference; explicitFileType = wrapper.application; includeInIndex = 0; path = BPA.app; sourceTree = BUILT_PRODUCTS_DIR; };
		8BE445EC218CE1FA003142E1 /* AppDelegate.swift */ = {isa = PBXFileReference; lastKnownFileType = sourcecode.swift; path = AppDelegate.swift; sourceTree = "<group>"; };
		8BE445EE218CE1FA003142E1 /* LoginInViewController.swift */ = {isa = PBXFileReference; lastKnownFileType = sourcecode.swift; path = LoginInViewController.swift; sourceTree = "<group>"; };
		8BE445F1218CE1FA003142E1 /* Base */ = {isa = PBXFileReference; lastKnownFileType = file.storyboard; name = Base; path = Base.lproj/Main.storyboard; sourceTree = "<group>"; };
		8BE445F4218CE1FA003142E1 /* BPA.xcdatamodel */ = {isa = PBXFileReference; lastKnownFileType = wrapper.xcdatamodel; path = BPA.xcdatamodel; sourceTree = "<group>"; };
		8BE445F6218CE1FB003142E1 /* Assets.xcassets */ = {isa = PBXFileReference; lastKnownFileType = folder.assetcatalog; path = Assets.xcassets; sourceTree = "<group>"; };
		8BE445F9218CE1FB003142E1 /* Base */ = {isa = PBXFileReference; lastKnownFileType = file.storyboard; name = Base; path = Base.lproj/LaunchScreen.storyboard; sourceTree = "<group>"; };
		8BE445FB218CE1FB003142E1 /* Info.plist */ = {isa = PBXFileReference; lastKnownFileType = text.plist.xml; path = Info.plist; sourceTree = "<group>"; };
		8BE44601218CE261003142E1 /* GoogleService-Info.plist */ = {isa = PBXFileReference; fileEncoding = 4; lastKnownFileType = text.plist.xml; path = "GoogleService-Info.plist"; sourceTree = "<group>"; };
		C04BB369427E2FE70A05F6D4 /* Pods-BPA.debug.xcconfig */ = {isa = PBXFileReference; includeInIndex = 1; lastKnownFileType = text.xcconfig; name = "Pods-BPA.debug.xcconfig"; path = "Pods/Target Support Files/Pods-BPA/Pods-BPA.debug.xcconfig"; sourceTree = "<group>"; };
/* End PBXFileReference section */

/* Begin PBXFrameworksBuildPhase section */
		8BE445E6218CE1FA003142E1 /* Frameworks */ = {
			isa = PBXFrameworksBuildPhase;
			buildActionMask = 2147483647;
			files = (
				8B5839A45FDEAD520CA981F0 /* Pods_BPA.framework in Frameworks */,
			);
			runOnlyForDeploymentPostprocessing = 0;
		};
/* End PBXFrameworksBuildPhase section */

/* Begin PBXGroup section */
		8BE445E0218CE1FA003142E1 = {
			isa = PBXGroup;
			children = (
				8BE445EB218CE1FA003142E1 /* BPA */,
				8BE445EA218CE1FA003142E1 /* Products */,
				E878DD5575586544A7BE5E25 /* Pods */,
				E78BC52C20F0E585C875B9E1 /* Frameworks */,
			);
			sourceTree = "<group>";
		};
		8BE445EA218CE1FA003142E1 /* Products */ = {
			isa = PBXGroup;
			children = (
				8BE445E9218CE1FA003142E1 /* BPA.app */,
			);
			name = Products;
			sourceTree = "<group>";
		};
		8BE445EB218CE1FA003142E1 /* BPA */ = {
			isa = PBXGroup;
			children = (
				8BE445EC218CE1FA003142E1 /* AppDelegate.swift */,
				8BE445EE218CE1FA003142E1 /* LoginInViewController.swift */,
				8BE445F0218CE1FA003142E1 /* Main.storyboard */,
				8BE2E8C0218CF63B004A6F67 /* CreateProfileViewController.swift */,
				8BE445F6218CE1FB003142E1 /* Assets.xcassets */,
				8BE445F8218CE1FB003142E1 /* LaunchScreen.storyboard */,
				8BE445FB218CE1FB003142E1 /* Info.plist */,
				8BE44601218CE261003142E1 /* GoogleService-Info.plist */,
				8BE445F3218CE1FA003142E1 /* BPA.xcdatamodeld */,
			);
			path = BPA;
			sourceTree = "<group>";
		};
		E78BC52C20F0E585C875B9E1 /* Frameworks */ = {
			isa = PBXGroup;
			children = (
				3A36C5B0A64CE193845C99B0 /* Pods_BPA.framework */,
			);
			name = Frameworks;
			sourceTree = "<group>";
		};
		E878DD5575586544A7BE5E25 /* Pods */ = {
			isa = PBXGroup;
			children = (
				C04BB369427E2FE70A05F6D4 /* Pods-BPA.debug.xcconfig */,
				31D94E920B565C4408551E6B /* Pods-BPA.release.xcconfig */,
			);
			name = Pods;
			sourceTree = "<group>";
		};
/* End PBXGroup section */

/* Begin PBXNativeTarget section */
		8BE445E8218CE1FA003142E1 /* BPA */ = {
			isa = PBXNativeTarget;
			buildConfigurationList = 8BE445FE218CE1FB003142E1 /* Build configuration list for PBXNativeTarget "BPA" */;
			buildPhases = (
				EA6DD73F92EE1C441819400B /* [CP] Check Pods Manifest.lock */,
				8BE445E5218CE1FA003142E1 /* Sources */,
				8BE445E6218CE1FA003142E1 /* Frameworks */,
				8BE445E7218CE1FA003142E1 /* Resources */,
				A67D00983EAE3983A2115866 /* [CP] Embed Pods Frameworks */,
			);
			buildRules = (
			);
			dependencies = (
			);
			name = BPA;
			productName = BPA;
			productReference = 8BE445E9218CE1FA003142E1 /* BPA.app */;
			productType = "com.apple.product-type.application";
		};
/* End PBXNativeTarget section */

/* Begin PBXProject section */
		8BE445E1218CE1FA003142E1 /* Project object */ = {
			isa = PBXProject;
			attributes = {
				LastSwiftUpdateCheck = 1010;
				LastUpgradeCheck = 1010;
				ORGANIZATIONNAME = "Elsiesy Industries";
				TargetAttributes = {
					8BE445E8218CE1FA003142E1 = {
						CreatedOnToolsVersion = 10.1;
					};
				};
			};
			buildConfigurationList = 8BE445E4218CE1FA003142E1 /* Build configuration list for PBXProject "BPA" */;
			compatibilityVersion = "Xcode 9.3";
			developmentRegion = en;
			hasScannedForEncodings = 0;
			knownRegions = (
				en,
				Base,
			);
			mainGroup = 8BE445E0218CE1FA003142E1;
			productRefGroup = 8BE445EA218CE1FA003142E1 /* Products */;
			projectDirPath = "";
			projectRoot = "";
			targets = (
				8BE445E8218CE1FA003142E1 /* BPA */,
			);
		};
/* End PBXProject section */

/* Begin PBXResourcesBuildPhase section */
		8BE445E7218CE1FA003142E1 /* Resources */ = {
			isa = PBXResourcesBuildPhase;
			buildActionMask = 2147483647;
			files = (
				8BE445FA218CE1FB003142E1 /* LaunchScreen.storyboard in Resources */,
				8BE44602218CE261003142E1 /* GoogleService-Info.plist in Resources */,
				8BE445F7218CE1FB003142E1 /* Assets.xcassets in Resources */,
				8BE445F2218CE1FA003142E1 /* Main.storyboard in Resources */,
			);
			runOnlyForDeploymentPostprocessing = 0;
		};
/* End PBXResourcesBuildPhase section */

/* Begin PBXShellScriptBuildPhase section */
		A67D00983EAE3983A2115866 /* [CP] Embed Pods Frameworks */ = {
			isa = PBXShellScriptBuildPhase;
			buildActionMask = 2147483647;
			files = (
			);
			inputFileListPaths = (
			);
			inputPaths = (
				"${SRCROOT}/Pods/Target Support Files/Pods-BPA/Pods-BPA-frameworks.sh",
				"${BUILT_PRODUCTS_DIR}/BoringSSL/openssl.framework",
				"${BUILT_PRODUCTS_DIR}/GTMSessionFetcher/GTMSessionFetcher.framework",
				"${BUILT_PRODUCTS_DIR}/GoogleUtilities/GoogleUtilities.framework",
				"${BUILT_PRODUCTS_DIR}/Protobuf/Protobuf.framework",
				"${BUILT_PRODUCTS_DIR}/gRPC/GRPCClient.framework",
				"${BUILT_PRODUCTS_DIR}/gRPC-C++/grpcpp.framework",
				"${BUILT_PRODUCTS_DIR}/gRPC-Core/grpc.framework",
				"${BUILT_PRODUCTS_DIR}/gRPC-ProtoRPC/ProtoRPC.framework",
				"${BUILT_PRODUCTS_DIR}/gRPC-RxLibrary/RxLibrary.framework",
				"${BUILT_PRODUCTS_DIR}/leveldb-library/leveldb.framework",
				"${BUILT_PRODUCTS_DIR}/nanopb/nanopb.framework",
			);
			name = "[CP] Embed Pods Frameworks";
			outputFileListPaths = (
			);
			outputPaths = (
				"${TARGET_BUILD_DIR}/${FRAMEWORKS_FOLDER_PATH}/openssl.framework",
				"${TARGET_BUILD_DIR}/${FRAMEWORKS_FOLDER_PATH}/GTMSessionFetcher.framework",
				"${TARGET_BUILD_DIR}/${FRAMEWORKS_FOLDER_PATH}/GoogleUtilities.framework",
				"${TARGET_BUILD_DIR}/${FRAMEWORKS_FOLDER_PATH}/Protobuf.framework",
				"${TARGET_BUILD_DIR}/${FRAMEWORKS_FOLDER_PATH}/GRPCClient.framework",
				"${TARGET_BUILD_DIR}/${FRAMEWORKS_FOLDER_PATH}/grpcpp.framework",
				"${TARGET_BUILD_DIR}/${FRAMEWORKS_FOLDER_PATH}/grpc.framework",
				"${TARGET_BUILD_DIR}/${FRAMEWORKS_FOLDER_PATH}/ProtoRPC.framework",
				"${TARGET_BUILD_DIR}/${FRAMEWORKS_FOLDER_PATH}/RxLibrary.framework",
				"${TARGET_BUILD_DIR}/${FRAMEWORKS_FOLDER_PATH}/leveldb.framework",
				"${TARGET_BUILD_DIR}/${FRAMEWORKS_FOLDER_PATH}/nanopb.framework",
			);
			runOnlyForDeploymentPostprocessing = 0;
			shellPath = /bin/sh;
			shellScript = "\"${SRCROOT}/Pods/Target Support Files/Pods-BPA/Pods-BPA-frameworks.sh\"\n";
			showEnvVarsInLog = 0;
		};
		EA6DD73F92EE1C441819400B /* [CP] Check Pods Manifest.lock */ = {
			isa = PBXShellScriptBuildPhase;
			buildActionMask = 2147483647;
			files = (
			);
			inputFileListPaths = (
			);
			inputPaths = (
				"${PODS_PODFILE_DIR_PATH}/Podfile.lock",
				"${PODS_ROOT}/Manifest.lock",
			);
			name = "[CP] Check Pods Manifest.lock";
			outputFileListPaths = (
			);
			outputPaths = (
				"$(DERIVED_FILE_DIR)/Pods-BPA-checkManifestLockResult.txt",
			);
			runOnlyForDeploymentPostprocessing = 0;
			shellPath = /bin/sh;
			shellScript = "diff \"${PODS_PODFILE_DIR_PATH}/Podfile.lock\" \"${PODS_ROOT}/Manifest.lock\" > /dev/null\nif [ $? != 0 ] ; then\n    # print error to STDERR\n    echo \"error: The sandbox is not in sync with the Podfile.lock. Run 'pod install' or update your CocoaPods installation.\" >&2\n    exit 1\nfi\n# This output is used by Xcode 'outputs' to avoid re-running this script phase.\necho \"SUCCESS\" > \"${SCRIPT_OUTPUT_FILE_0}\"\n";
			showEnvVarsInLog = 0;
		};
/* End PBXShellScriptBuildPhase section */

/* Begin PBXSourcesBuildPhase section */
		8BE445E5218CE1FA003142E1 /* Sources */ = {
			isa = PBXSourcesBuildPhase;
			buildActionMask = 2147483647;
			files = (
				8BE2E8C1218CF63B004A6F67 /* CreateProfileViewController.swift in Sources */,
				8BE445F5218CE1FA003142E1 /* BPA.xcdatamodeld in Sources */,
				8BE445EF218CE1FA003142E1 /* LoginInViewController.swift in Sources */,
				8BE445ED218CE1FA003142E1 /* AppDelegate.swift in Sources */,
			);
			runOnlyForDeploymentPostprocessing = 0;
		};
/* End PBXSourcesBuildPhase section */

/* Begin PBXVariantGroup section */
		8BE445F0218CE1FA003142E1 /* Main.storyboard */ = {
			isa = PBXVariantGroup;
			children = (
				8BE445F1218CE1FA003142E1 /* Base */,
			);
			name = Main.storyboard;
			sourceTree = "<group>";
		};
		8BE445F8218CE1FB003142E1 /* LaunchScreen.storyboard */ = {
			isa = PBXVariantGroup;
			children = (
				8BE445F9218CE1FB003142E1 /* Base */,
			);
			name = LaunchScreen.storyboard;
			sourceTree = "<group>";
		};
/* End PBXVariantGroup section */

/* Begin XCBuildConfiguration section */
		8BE445FC218CE1FB003142E1 /* Debug */ = {
			isa = XCBuildConfiguration;
			buildSettings = {
				ALWAYS_SEARCH_USER_PATHS = NO;
				CLANG_ANALYZER_NONNULL = YES;
				CLANG_ANALYZER_NUMBER_OBJECT_CONVERSION = YES_AGGRESSIVE;
				CLANG_CXX_LANGUAGE_STANDARD = "gnu++14";
				CLANG_CXX_LIBRARY = "libc++";
				CLANG_ENABLE_MODULES = YES;
				CLANG_ENABLE_OBJC_ARC = YES;
				CLANG_ENABLE_OBJC_WEAK = YES;
				CLANG_WARN_BLOCK_CAPTURE_AUTORELEASING = YES;
				CLANG_WARN_BOOL_CONVERSION = YES;
				CLANG_WARN_COMMA = YES;
				CLANG_WARN_CONSTANT_CONVERSION = YES;
				CLANG_WARN_DEPRECATED_OBJC_IMPLEMENTATIONS = YES;
				CLANG_WARN_DIRECT_OBJC_ISA_USAGE = YES_ERROR;
				CLANG_WARN_DOCUMENTATION_COMMENTS = YES;
				CLANG_WARN_EMPTY_BODY = YES;
				CLANG_WARN_ENUM_CONVERSION = YES;
				CLANG_WARN_INFINITE_RECURSION = YES;
				CLANG_WARN_INT_CONVERSION = YES;
				CLANG_WARN_NON_LITERAL_NULL_CONVERSION = YES;
				CLANG_WARN_OBJC_IMPLICIT_RETAIN_SELF = YES;
				CLANG_WARN_OBJC_LITERAL_CONVERSION = YES;
				CLANG_WARN_OBJC_ROOT_CLASS = YES_ERROR;
				CLANG_WARN_RANGE_LOOP_ANALYSIS = YES;
				CLANG_WARN_STRICT_PROTOTYPES = YES;
				CLANG_WARN_SUSPICIOUS_MOVE = YES;
				CLANG_WARN_UNGUARDED_AVAILABILITY = YES_AGGRESSIVE;
				CLANG_WARN_UNREACHABLE_CODE = YES;
				CLANG_WARN__DUPLICATE_METHOD_MATCH = YES;
				CODE_SIGN_IDENTITY = "iPhone Developer";
				COPY_PHASE_STRIP = NO;
				DEBUG_INFORMATION_FORMAT = dwarf;
				ENABLE_STRICT_OBJC_MSGSEND = YES;
				ENABLE_TESTABILITY = YES;
				GCC_C_LANGUAGE_STANDARD = gnu11;
				GCC_DYNAMIC_NO_PIC = NO;
				GCC_NO_COMMON_BLOCKS = YES;
				GCC_OPTIMIZATION_LEVEL = 0;
				GCC_PREPROCESSOR_DEFINITIONS = (
					"DEBUG=1",
					"$(inherited)",
				);
				GCC_WARN_64_TO_32_BIT_CONVERSION = YES;
				GCC_WARN_ABOUT_RETURN_TYPE = YES_ERROR;
				GCC_WARN_UNDECLARED_SELECTOR = YES;
				GCC_WARN_UNINITIALIZED_AUTOS = YES_AGGRESSIVE;
				GCC_WARN_UNUSED_FUNCTION = YES;
				GCC_WARN_UNUSED_VARIABLE = YES;
				IPHONEOS_DEPLOYMENT_TARGET = 12.1;
				MTL_ENABLE_DEBUG_INFO = INCLUDE_SOURCE;
				MTL_FAST_MATH = YES;
				ONLY_ACTIVE_ARCH = YES;
				SDKROOT = iphoneos;
				SWIFT_ACTIVE_COMPILATION_CONDITIONS = DEBUG;
				SWIFT_OPTIMIZATION_LEVEL = "-Onone";
			};
			name = Debug;
		};
		8BE445FD218CE1FB003142E1 /* Release */ = {
			isa = XCBuildConfiguration;
			buildSettings = {
				ALWAYS_SEARCH_USER_PATHS = NO;
				CLANG_ANALYZER_NONNULL = YES;
				CLANG_ANALYZER_NUMBER_OBJECT_CONVERSION = YES_AGGRESSIVE;
				CLANG_CXX_LANGUAGE_STANDARD = "gnu++14";
				CLANG_CXX_LIBRARY = "libc++";
				CLANG_ENABLE_MODULES = YES;
				CLANG_ENABLE_OBJC_ARC = YES;
				CLANG_ENABLE_OBJC_WEAK = YES;
				CLANG_WARN_BLOCK_CAPTURE_AUTORELEASING = YES;
				CLANG_WARN_BOOL_CONVERSION = YES;
				CLANG_WARN_COMMA = YES;
				CLANG_WARN_CONSTANT_CONVERSION = YES;
				CLANG_WARN_DEPRECATED_OBJC_IMPLEMENTATIONS = YES;
				CLANG_WARN_DIRECT_OBJC_ISA_USAGE = YES_ERROR;
				CLANG_WARN_DOCUMENTATION_COMMENTS = YES;
				CLANG_WARN_EMPTY_BODY = YES;
				CLANG_WARN_ENUM_CONVERSION = YES;
				CLANG_WARN_INFINITE_RECURSION = YES;
				CLANG_WARN_INT_CONVERSION = YES;
				CLANG_WARN_NON_LITERAL_NULL_CONVERSION = YES;
				CLANG_WARN_OBJC_IMPLICIT_RETAIN_SELF = YES;
				CLANG_WARN_OBJC_LITERAL_CONVERSION = YES;
				CLANG_WARN_OBJC_ROOT_CLASS = YES_ERROR;
				CLANG_WARN_RANGE_LOOP_ANALYSIS = YES;
				CLANG_WARN_STRICT_PROTOTYPES = YES;
				CLANG_WARN_SUSPICIOUS_MOVE = YES;
				CLANG_WARN_UNGUARDED_AVAILABILITY = YES_AGGRESSIVE;
				CLANG_WARN_UNREACHABLE_CODE = YES;
				CLANG_WARN__DUPLICATE_METHOD_MATCH = YES;
				CODE_SIGN_IDENTITY = "iPhone Developer";
				COPY_PHASE_STRIP = NO;
				DEBUG_INFORMATION_FORMAT = "dwarf-with-dsym";
				ENABLE_NS_ASSERTIONS = NO;
				ENABLE_STRICT_OBJC_MSGSEND = YES;
				GCC_C_LANGUAGE_STANDARD = gnu11;
				GCC_NO_COMMON_BLOCKS = YES;
				GCC_WARN_64_TO_32_BIT_CONVERSION = YES;
				GCC_WARN_ABOUT_RETURN_TYPE = YES_ERROR;
				GCC_WARN_UNDECLARED_SELECTOR = YES;
				GCC_WARN_UNINITIALIZED_AUTOS = YES_AGGRESSIVE;
				GCC_WARN_UNUSED_FUNCTION = YES;
				GCC_WARN_UNUSED_VARIABLE = YES;
				IPHONEOS_DEPLOYMENT_TARGET = 12.1;
				MTL_ENABLE_DEBUG_INFO = NO;
				MTL_FAST_MATH = YES;
				SDKROOT = iphoneos;
				SWIFT_COMPILATION_MODE = wholemodule;
				SWIFT_OPTIMIZATION_LEVEL = "-O";
				VALIDATE_PRODUCT = YES;
			};
			name = Release;
		};
		8BE445FF218CE1FB003142E1 /* Debug */ = {
			isa = XCBuildConfiguration;
			baseConfigurationReference = C04BB369427E2FE70A05F6D4 /* Pods-BPA.debug.xcconfig */;
			buildSettings = {
				ASSETCATALOG_COMPILER_APPICON_NAME = AppIcon;
				CODE_SIGN_STYLE = Automatic;
				DEVELOPMENT_TEAM = 93PCCJ5ZR5;
				INFOPLIST_FILE = BPA/Info.plist;
				LD_RUNPATH_SEARCH_PATHS = (
					"$(inherited)",
					"@executable_path/Frameworks",
				);
				PRODUCT_BUNDLE_IDENTIFIER = "Elsiesy-Inc.BPA";
				PRODUCT_NAME = "$(TARGET_NAME)";
				SWIFT_VERSION = 4.2;
				TARGETED_DEVICE_FAMILY = "1,2";
			};
			name = Debug;
		};
		8BE44600218CE1FB003142E1 /* Release */ = {
			isa = XCBuildConfiguration;
			baseConfigurationReference = 31D94E920B565C4408551E6B /* Pods-BPA.release.xcconfig */;
			buildSettings = {
				ASSETCATALOG_COMPILER_APPICON_NAME = AppIcon;
				CODE_SIGN_STYLE = Automatic;
				DEVELOPMENT_TEAM = 93PCCJ5ZR5;
				INFOPLIST_FILE = BPA/Info.plist;
				LD_RUNPATH_SEARCH_PATHS = (
					"$(inherited)",
					"@executable_path/Frameworks",
				);
				PRODUCT_BUNDLE_IDENTIFIER = "Elsiesy-Inc.BPA";
				PRODUCT_NAME = "$(TARGET_NAME)";
				SWIFT_VERSION = 4.2;
				TARGETED_DEVICE_FAMILY = "1,2";
			};
			name = Release;
		};
/* End XCBuildConfiguration section */

/* Begin XCConfigurationList section */
		8BE445E4218CE1FA003142E1 /* Build configuration list for PBXProject "BPA" */ = {
			isa = XCConfigurationList;
			buildConfigurations = (
				8BE445FC218CE1FB003142E1 /* Debug */,
				8BE445FD218CE1FB003142E1 /* Release */,
			);
			defaultConfigurationIsVisible = 0;
			defaultConfigurationName = Release;
		};
		8BE445FE218CE1FB003142E1 /* Build configuration list for PBXNativeTarget "BPA" */ = {
			isa = XCConfigurationList;
			buildConfigurations = (
				8BE445FF218CE1FB003142E1 /* Debug */,
				8BE44600218CE1FB003142E1 /* Release */,
			);
			defaultConfigurationIsVisible = 0;
			defaultConfigurationName = Release;
		};
/* End XCConfigurationList section */

/* Begin XCVersionGroup section */
		8BE445F3218CE1FA003142E1 /* BPA.xcdatamodeld */ = {
			isa = XCVersionGroup;
			children = (
				8BE445F4218CE1FA003142E1 /* BPA.xcdatamodel */,
			);
			currentVersion = 8BE445F4218CE1FA003142E1 /* BPA.xcdatamodel */;
			path = BPA.xcdatamodeld;
			sourceTree = "<group>";
			versionGroupType = wrapper.xcdatamodel;
		};
/* End XCVersionGroup section */
	};
	rootObject = 8BE445E1218CE1FA003142E1 /* Project object */;
}
